
Microsoft Visual Studio Solution File, Format Version 12.00
# Visual Studio Version 17
VisualStudioVersion = 17.1.32414.318
MinimumVisualStudioVersion = 10.0.40219.1
Project("{FAE04EC0-301F-11D3-BF4B-00C04F79EFBC}") = "Project", "Project.csproj", "{4205200C-428A-4A3F-A1E5-A6D2E70C9CCC}"
EndProject
Global
	GlobalSection(SolutionConfigurationPlatforms) = preSolution
		Debug|Any CPU = Debug|Any CPU
		Release|Any CPU = Release|Any CPU
	EndGlobalSection
	GlobalSection(ProjectConfigurationPlatforms) = postSolution
		{4205200C-428A-4A3F-A1E5-A6D2E70C9CCC}.Debug|Any CPU.ActiveCfg = Debug|Any CPU
		{4205200C-428A-4A3F-A1E5-A6D2E70C9CCC}.Debug|Any CPU.Build.0 = Debug|Any CPU
		{4205200C-428A-4A3F-A1E5-A6D2E70C9CCC}.Release|Any CPU.ActiveCfg = Release|Any CPU
		{4205200C-428A-4A3F-A1E5-A6D2E70C9CCC}.Release|Any CPU.Build.0 = Release|Any CPU
	EndGlobalSection
	GlobalSection(SolutionProperties) = preSolution
		HideSolutionNode = FALSE
	EndGlobalSection
	GlobalSection(ExtensibilityGlobals) = postSolution
		SolutionGuid = {8E8FC276-DCCA-4E54-BC44-7FBDEE0A3D25}
	EndGlobalSection
EndGlobal
